github.com/thisisdavidbell/adventofcode v0.0.0-20211129231144-de25286c6b0a h1:IQ0/fYqOCBwUUUxyXe1dSQxOdJRQs74kY4/hhJheSbM=
github.com/thisisdavidbell/adventofcode/utils v0.0.0-20211129231144-de25286c6b0a h1:Ie8heWZ9DUSFjMkMV+AYn2C4pMj02JW65bIXJU5+0I8=
github.com/thisisdavidbell/adventofcode/utils v0.0.0-20211129231144-de25286c6b0a/go.mod h1:ichv7mV5afnGCgkbzIFGnPfE84fhTLgYBXSFUAQZByQ=
